
Microsoft Visual Studio Solution File, Format Version 12.00
# Visual Studio Version 16
VisualStudioVersion = 16.0.30503.244
MinimumVisualStudioVersion = 10.0.40219.1
Project("{FAE04EC0-301F-11D3-BF4B-00C04F79EFBC}") = "WebApplication1", "WebApplication1\WebApplication1.csproj", "{86B963C8-CC31-4149-BA0A-4A922C31C0B0}"
EndProject
Global
	GlobalSection(SolutionConfigurationPlatforms) = preSolution
		Debug|Any CPU = Debug|Any CPU
		Release|Any CPU = Release|Any CPU
	EndGlobalSection
	GlobalSection(ProjectConfigurationPlatforms) = postSolution
		{86B963C8-CC31-4149-BA0A-4A922C31C0B0}.Debug|Any CPU.ActiveCfg = Debug|Any CPU
		{86B963C8-CC31-4149-BA0A-4A922C31C0B0}.Debug|Any CPU.Build.0 = Debug|Any CPU
		{86B963C8-CC31-4149-BA0A-4A922C31C0B0}.Release|Any CPU.ActiveCfg = Release|Any CPU
		{86B963C8-CC31-4149-BA0A-4A922C31C0B0}.Release|Any CPU.Build.0 = Release|Any CPU
	EndGlobalSection
	GlobalSection(SolutionProperties) = preSolution
		HideSolutionNode = FALSE
	EndGlobalSection
	GlobalSection(ExtensibilityGlobals) = postSolution
		SolutionGuid = {CFB40445-F4DE-498A-8257-AF19E3A52C13}
	EndGlobalSection
EndGlobal
